
Microsoft Visual Studio Solution File, Format Version 12.00
# Visual Studio Version 16
VisualStudioVersion = 16.0.29324.140
MinimumVisualStudioVersion = 10.0.40219.1
Project("{8BC9CEB8-8B4A-11D0-8D11-00A0C91BC942}") = "StackImp", "StackImp\StackImp.vcxproj", "{251433CC-57F2-4153-9A75-DB62F23FB052}"
EndProject
Global
	GlobalSection(SolutionConfigurationPlatforms) = preSolution
		Debug|x64 = Debug|x64
		Debug|x86 = Debug|x86
		Release|x64 = Release|x64
		Release|x86 = Release|x86
	EndGlobalSection
	GlobalSection(ProjectConfigurationPlatforms) = postSolution
		{251433CC-57F2-4153-9A75-DB62F23FB052}.Debug|x64.ActiveCfg = Debug|x64
		{251433CC-57F2-4153-9A75-DB62F23FB052}.Debug|x64.Build.0 = Debug|x64
		{251433CC-57F2-4153-9A75-DB62F23FB052}.Debug|x86.ActiveCfg = Debug|Win32
		{251433CC-57F2-4153-9A75-DB62F23FB052}.Debug|x86.Build.0 = Debug|Win32
		{251433CC-57F2-4153-9A75-DB62F23FB052}.Release|x64.ActiveCfg = Release|x64
		{251433CC-57F2-4153-9A75-DB62F23FB052}.Release|x64.Build.0 = Release|x64
		{251433CC-57F2-4153-9A75-DB62F23FB052}.Release|x86.ActiveCfg = Release|Win32
		{251433CC-57F2-4153-9A75-DB62F23FB052}.Release|x86.Build.0 = Release|Win32
	EndGlobalSection
	GlobalSection(SolutionProperties) = preSolution
		HideSolutionNode = FALSE
	EndGlobalSection
	GlobalSection(ExtensibilityGlobals) = postSolution
		SolutionGuid = {1D87DCAD-1411-4369-BF88-5A671898CC64}
	EndGlobalSection
EndGlobal
